
Microsoft Visual Studio Solution File, Format Version 12.00
# Visual Studio 15
VisualStudioVersion = 15.0.27130.2027
MinimumVisualStudioVersion = 10.0.40219.1
Project("{8BC9CEB8-8B4A-11D0-8D11-00A0C91BC942}") = "ColorReverse", "ColorReverse\ColorReverse.vcxproj", "{470C8138-3167-443C-B51F-B8C78D73316C}"
EndProject
Global
	GlobalSection(SolutionConfigurationPlatforms) = preSolution
		Debug|x64 = Debug|x64
		Debug|x86 = Debug|x86
		Release|x64 = Release|x64
		Release|x86 = Release|x86
	EndGlobalSection
	GlobalSection(ProjectConfigurationPlatforms) = postSolution
		{470C8138-3167-443C-B51F-B8C78D73316C}.Debug|x64.ActiveCfg = Debug|x64
		{470C8138-3167-443C-B51F-B8C78D73316C}.Debug|x64.Build.0 = Debug|x64
		{470C8138-3167-443C-B51F-B8C78D73316C}.Debug|x86.ActiveCfg = Debug|Win32
		{470C8138-3167-443C-B51F-B8C78D73316C}.Debug|x86.Build.0 = Debug|Win32
		{470C8138-3167-443C-B51F-B8C78D73316C}.Release|x64.ActiveCfg = Release|x64
		{470C8138-3167-443C-B51F-B8C78D73316C}.Release|x64.Build.0 = Release|x64
		{470C8138-3167-443C-B51F-B8C78D73316C}.Release|x86.ActiveCfg = Release|Win32
		{470C8138-3167-443C-B51F-B8C78D73316C}.Release|x86.Build.0 = Release|Win32
	EndGlobalSection
	GlobalSection(SolutionProperties) = preSolution
		HideSolutionNode = FALSE
	EndGlobalSection
	GlobalSection(ExtensibilityGlobals) = postSolution
		SolutionGuid = {ABE43B79-15A5-4CBE-A53E-A5755DACF201}
	EndGlobalSection
EndGlobal
